
Microsoft Visual Studio Solution File, Format Version 12.00
# Visual Studio Version 17
VisualStudioVersion = 17.3.32825.248
MinimumVisualStudioVersion = 10.0.40219.1
Project("{FAE04EC0-301F-11D3-BF4B-00C04F79EFBC}") = "Radisson.WebUI", "Radisson.WebUI\Radisson.WebUI.csproj", "{B46CF78C-10AF-4793-A915-EDA4E0654382}"
EndProject
Project("{FAE04EC0-301F-11D3-BF4B-00C04F79EFBC}") = "Radisson.Domain", "Radisson.Domain\Radisson.Domain.csproj", "{7C71A559-E8DB-4D64-A568-C74432119FC7}"
EndProject
Global
	GlobalSection(SolutionConfigurationPlatforms) = preSolution
		Debug|Any CPU = Debug|Any CPU
		Release|Any CPU = Release|Any CPU
	EndGlobalSection
	GlobalSection(ProjectConfigurationPlatforms) = postSolution
		{B46CF78C-10AF-4793-A915-EDA4E0654382}.Debug|Any CPU.ActiveCfg = Debug|Any CPU
		{B46CF78C-10AF-4793-A915-EDA4E0654382}.Debug|Any CPU.Build.0 = Debug|Any CPU
		{B46CF78C-10AF-4793-A915-EDA4E0654382}.Release|Any CPU.ActiveCfg = Release|Any CPU
		{B46CF78C-10AF-4793-A915-EDA4E0654382}.Release|Any CPU.Build.0 = Release|Any CPU
		{7C71A559-E8DB-4D64-A568-C74432119FC7}.Debug|Any CPU.ActiveCfg = Debug|Any CPU
		{7C71A559-E8DB-4D64-A568-C74432119FC7}.Debug|Any CPU.Build.0 = Debug|Any CPU
		{7C71A559-E8DB-4D64-A568-C74432119FC7}.Release|Any CPU.ActiveCfg = Release|Any CPU
		{7C71A559-E8DB-4D64-A568-C74432119FC7}.Release|Any CPU.Build.0 = Release|Any CPU
	EndGlobalSection
	GlobalSection(SolutionProperties) = preSolution
		HideSolutionNode = FALSE
	EndGlobalSection
	GlobalSection(ExtensibilityGlobals) = postSolution
		SolutionGuid = {56B24817-7364-4321-800F-E9AECFFF9FDD}
	EndGlobalSection
EndGlobal
